
Microsoft Visual Studio Solution File, Format Version 12.00
# Visual Studio Version 17
VisualStudioVersion = 17.3.32825.248
MinimumVisualStudioVersion = 10.0.40219.1
Project("{9A19103F-16F7-4668-BE54-9A1E7A4F7556}") = "Kioxk.Server", "Kioxk\Server\Kioxk.Server.csproj", "{DC3DF3B8-DF78-4968-9F7A-02B2A3D04687}"
EndProject
Project("{9A19103F-16F7-4668-BE54-9A1E7A4F7556}") = "Kioxk.Client", "Kioxk\Client\Kioxk.Client.csproj", "{0C320DD3-D16A-4F37-9493-220DA63137A2}"
EndProject
Project("{9A19103F-16F7-4668-BE54-9A1E7A4F7556}") = "Kioxk.Shared", "Kioxk\Shared\Kioxk.Shared.csproj", "{EE1C84EA-32DA-4305-8545-20B44E049A05}"
EndProject
Global
	GlobalSection(SolutionConfigurationPlatforms) = preSolution
		Debug|Any CPU = Debug|Any CPU
		Release|Any CPU = Release|Any CPU
	EndGlobalSection
	GlobalSection(ProjectConfigurationPlatforms) = postSolution
		{DC3DF3B8-DF78-4968-9F7A-02B2A3D04687}.Debug|Any CPU.ActiveCfg = Debug|Any CPU
		{DC3DF3B8-DF78-4968-9F7A-02B2A3D04687}.Debug|Any CPU.Build.0 = Debug|Any CPU
		{DC3DF3B8-DF78-4968-9F7A-02B2A3D04687}.Release|Any CPU.ActiveCfg = Release|Any CPU
		{DC3DF3B8-DF78-4968-9F7A-02B2A3D04687}.Release|Any CPU.Build.0 = Release|Any CPU
		{0C320DD3-D16A-4F37-9493-220DA63137A2}.Debug|Any CPU.ActiveCfg = Debug|Any CPU
		{0C320DD3-D16A-4F37-9493-220DA63137A2}.Debug|Any CPU.Build.0 = Debug|Any CPU
		{0C320DD3-D16A-4F37-9493-220DA63137A2}.Release|Any CPU.ActiveCfg = Release|Any CPU
		{0C320DD3-D16A-4F37-9493-220DA63137A2}.Release|Any CPU.Build.0 = Release|Any CPU
		{EE1C84EA-32DA-4305-8545-20B44E049A05}.Debug|Any CPU.ActiveCfg = Debug|Any CPU
		{EE1C84EA-32DA-4305-8545-20B44E049A05}.Debug|Any CPU.Build.0 = Debug|Any CPU
		{EE1C84EA-32DA-4305-8545-20B44E049A05}.Release|Any CPU.ActiveCfg = Release|Any CPU
		{EE1C84EA-32DA-4305-8545-20B44E049A05}.Release|Any CPU.Build.0 = Release|Any CPU
	EndGlobalSection
	GlobalSection(SolutionProperties) = preSolution
		HideSolutionNode = FALSE
	EndGlobalSection
	GlobalSection(ExtensibilityGlobals) = postSolution
		SolutionGuid = {A3CA59B7-167D-42D9-9496-059C86559CCB}
	EndGlobalSection
EndGlobal
